
Microsoft Visual Studio Solution File, Format Version 12.00
# Visual Studio 2013
VisualStudioVersion = 12.0.31101.0
MinimumVisualStudioVersion = 10.0.40219.1
Project("{FAE04EC0-301F-11D3-BF4B-00C04F79EFBC}") = "CrmSetAccountLocationXamarin", "CrmSetAccountLocationXamarin\CrmSetAccountLocationXamarin.csproj", "{76FD901C-3507-4B51-98BC-F1DCC9567A8B}"
EndProject
Global
	GlobalSection(SolutionConfigurationPlatforms) = preSolution
		Ad-Hoc|iPhone = Ad-Hoc|iPhone
		Ad-Hoc|iPhoneSimulator = Ad-Hoc|iPhoneSimulator
		AppStore|iPhone = AppStore|iPhone
		AppStore|iPhoneSimulator = AppStore|iPhoneSimulator
		Debug|iPhone = Debug|iPhone
		Debug|iPhoneSimulator = Debug|iPhoneSimulator
		Release|iPhone = Release|iPhone
		Release|iPhoneSimulator = Release|iPhoneSimulator
	EndGlobalSection
	GlobalSection(ProjectConfigurationPlatforms) = postSolution
		{76FD901C-3507-4B51-98BC-F1DCC9567A8B}.Ad-Hoc|iPhone.ActiveCfg = Ad-Hoc|iPhone
		{76FD901C-3507-4B51-98BC-F1DCC9567A8B}.Ad-Hoc|iPhone.Build.0 = Ad-Hoc|iPhone
		{76FD901C-3507-4B51-98BC-F1DCC9567A8B}.Ad-Hoc|iPhoneSimulator.ActiveCfg = Ad-Hoc|iPhoneSimulator
		{76FD901C-3507-4B51-98BC-F1DCC9567A8B}.Ad-Hoc|iPhoneSimulator.Build.0 = Ad-Hoc|iPhoneSimulator
		{76FD901C-3507-4B51-98BC-F1DCC9567A8B}.AppStore|iPhone.ActiveCfg = AppStore|iPhone
		{76FD901C-3507-4B51-98BC-F1DCC9567A8B}.AppStore|iPhone.Build.0 = AppStore|iPhone
		{76FD901C-3507-4B51-98BC-F1DCC9567A8B}.AppStore|iPhoneSimulator.ActiveCfg = AppStore|iPhoneSimulator
		{76FD901C-3507-4B51-98BC-F1DCC9567A8B}.AppStore|iPhoneSimulator.Build.0 = AppStore|iPhoneSimulator
		{76FD901C-3507-4B51-98BC-F1DCC9567A8B}.Debug|iPhone.ActiveCfg = Debug|iPhone
		{76FD901C-3507-4B51-98BC-F1DCC9567A8B}.Debug|iPhone.Build.0 = Debug|iPhone
		{76FD901C-3507-4B51-98BC-F1DCC9567A8B}.Debug|iPhoneSimulator.ActiveCfg = Debug|iPhoneSimulator
		{76FD901C-3507-4B51-98BC-F1DCC9567A8B}.Debug|iPhoneSimulator.Build.0 = Debug|iPhoneSimulator
		{76FD901C-3507-4B51-98BC-F1DCC9567A8B}.Release|iPhone.ActiveCfg = Release|iPhone
		{76FD901C-3507-4B51-98BC-F1DCC9567A8B}.Release|iPhone.Build.0 = Release|iPhone
		{76FD901C-3507-4B51-98BC-F1DCC9567A8B}.Release|iPhoneSimulator.ActiveCfg = Release|iPhoneSimulator
		{76FD901C-3507-4B51-98BC-F1DCC9567A8B}.Release|iPhoneSimulator.Build.0 = Release|iPhoneSimulator
	EndGlobalSection
	GlobalSection(SolutionProperties) = preSolution
		HideSolutionNode = FALSE
	EndGlobalSection
EndGlobal
